
Microsoft Visual Studio Solution File, Format Version 12.00
# Visual Studio 15
VisualStudioVersion = 15.0.28307.271
MinimumVisualStudioVersion = 10.0.40219.1
Project("{FAE04EC0-301F-11D3-BF4B-00C04F79EFBC}") = "Ex02", "Lista19solution\Ex02.csproj", "{38757194-C9E5-4FBE-A019-C68CD9D512DA}"
EndProject
Project("{FAE04EC0-301F-11D3-BF4B-00C04F79EFBC}") = "Ex01", "Ex01\Ex01.csproj", "{BAC5DDF1-BB29-4A59-AB86-C899351F63E5}"
EndProject
Project("{FAE04EC0-301F-11D3-BF4B-00C04F79EFBC}") = "Ex03", "Ex03\Ex03.csproj", "{3181A519-0BD1-4E4A-920F-F33CE7376A3A}"
EndProject
Project("{FAE04EC0-301F-11D3-BF4B-00C04F79EFBC}") = "Ex04", "Ex04\Ex04.csproj", "{23F209E2-3716-4327-A726-222A2689FABD}"
EndProject
Project("{FAE04EC0-301F-11D3-BF4B-00C04F79EFBC}") = "Ex05", "Ex05\Ex05.csproj", "{30C4595C-5555-495C-8F21-27F0F69F3DD1}"
EndProject
Global
	GlobalSection(SolutionConfigurationPlatforms) = preSolution
		Debug|Any CPU = Debug|Any CPU
		Debug|ARM = Debug|ARM
		Debug|ARM64 = Debug|ARM64
		Debug|x64 = Debug|x64
		Debug|x86 = Debug|x86
		Release|Any CPU = Release|Any CPU
		Release|ARM = Release|ARM
		Release|ARM64 = Release|ARM64
		Release|x64 = Release|x64
		Release|x86 = Release|x86
	EndGlobalSection
	GlobalSection(ProjectConfigurationPlatforms) = postSolution
		{38757194-C9E5-4FBE-A019-C68CD9D512DA}.Debug|Any CPU.ActiveCfg = Debug|Any CPU
		{38757194-C9E5-4FBE-A019-C68CD9D512DA}.Debug|Any CPU.Build.0 = Debug|Any CPU
		{38757194-C9E5-4FBE-A019-C68CD9D512DA}.Debug|ARM.ActiveCfg = Debug|Any CPU
		{38757194-C9E5-4FBE-A019-C68CD9D512DA}.Debug|ARM.Build.0 = Debug|Any CPU
		{38757194-C9E5-4FBE-A019-C68CD9D512DA}.Debug|ARM64.ActiveCfg = Debug|Any CPU
		{38757194-C9E5-4FBE-A019-C68CD9D512DA}.Debug|ARM64.Build.0 = Debug|Any CPU
		{38757194-C9E5-4FBE-A019-C68CD9D512DA}.Debug|x64.ActiveCfg = Debug|Any CPU
		{38757194-C9E5-4FBE-A019-C68CD9D512DA}.Debug|x64.Build.0 = Debug|Any CPU
		{38757194-C9E5-4FBE-A019-C68CD9D512DA}.Debug|x86.ActiveCfg = Debug|Any CPU
		{38757194-C9E5-4FBE-A019-C68CD9D512DA}.Debug|x86.Build.0 = Debug|Any CPU
		{38757194-C9E5-4FBE-A019-C68CD9D512DA}.Release|Any CPU.ActiveCfg = Release|Any CPU
		{38757194-C9E5-4FBE-A019-C68CD9D512DA}.Release|Any CPU.Build.0 = Release|Any CPU
		{38757194-C9E5-4FBE-A019-C68CD9D512DA}.Release|ARM.ActiveCfg = Release|Any CPU
		{38757194-C9E5-4FBE-A019-C68CD9D512DA}.Release|ARM.Build.0 = Release|Any CPU
		{38757194-C9E5-4FBE-A019-C68CD9D512DA}.Release|ARM64.ActiveCfg = Release|Any CPU
		{38757194-C9E5-4FBE-A019-C68CD9D512DA}.Release|ARM64.Build.0 = Release|Any CPU
		{38757194-C9E5-4FBE-A019-C68CD9D512DA}.Release|x64.ActiveCfg = Release|Any CPU
		{38757194-C9E5-4FBE-A019-C68CD9D512DA}.Release|x64.Build.0 = Release|Any CPU
		{38757194-C9E5-4FBE-A019-C68CD9D512DA}.Release|x86.ActiveCfg = Release|Any CPU
		{38757194-C9E5-4FBE-A019-C68CD9D512DA}.Release|x86.Build.0 = Release|Any CPU
		{BAC5DDF1-BB29-4A59-AB86-C899351F63E5}.Debug|Any CPU.ActiveCfg = Debug|Any CPU
		{BAC5DDF1-BB29-4A59-AB86-C899351F63E5}.Debug|Any CPU.Build.0 = Debug|Any CPU
		{BAC5DDF1-BB29-4A59-AB86-C899351F63E5}.Debug|ARM.ActiveCfg = Debug|Any CPU
		{BAC5DDF1-BB29-4A59-AB86-C899351F63E5}.Debug|ARM.Build.0 = Debug|Any CPU
		{BAC5DDF1-BB29-4A59-AB86-C899351F63E5}.Debug|ARM64.ActiveCfg = Debug|Any CPU
		{BAC5DDF1-BB29-4A59-AB86-C899351F63E5}.Debug|ARM64.Build.0 = Debug|Any CPU
		{BAC5DDF1-BB29-4A59-AB86-C899351F63E5}.Debug|x64.ActiveCfg = Debug|Any CPU
		{BAC5DDF1-BB29-4A59-AB86-C899351F63E5}.Debug|x64.Build.0 = Debug|Any CPU
		{BAC5DDF1-BB29-4A59-AB86-C899351F63E5}.Debug|x86.ActiveCfg = Debug|Any CPU
		{BAC5DDF1-BB29-4A59-AB86-C899351F63E5}.Debug|x86.Build.0 = Debug|Any CPU
		{BAC5DDF1-BB29-4A59-AB86-C899351F63E5}.Release|Any CPU.ActiveCfg = Release|Any CPU
		{BAC5DDF1-BB29-4A59-AB86-C899351F63E5}.Release|Any CPU.Build.0 = Release|Any CPU
		{BAC5DDF1-BB29-4A59-AB86-C899351F63E5}.Release|ARM.ActiveCfg = Release|Any CPU
		{BAC5DDF1-BB29-4A59-AB86-C899351F63E5}.Release|ARM.Build.0 = Release|Any CPU
		{BAC5DDF1-BB29-4A59-AB86-C899351F63E5}.Release|ARM64.ActiveCfg = Release|Any CPU
		{BAC5DDF1-BB29-4A59-AB86-C899351F63E5}.Release|ARM64.Build.0 = Release|Any CPU
		{BAC5DDF1-BB29-4A59-AB86-C899351F63E5}.Release|x64.ActiveCfg = Release|Any CPU
		{BAC5DDF1-BB29-4A59-AB86-C899351F63E5}.Release|x64.Build.0 = Release|Any CPU
		{BAC5DDF1-BB29-4A59-AB86-C899351F63E5}.Release|x86.ActiveCfg = Release|Any CPU
		{BAC5DDF1-BB29-4A59-AB86-C899351F63E5}.Release|x86.Build.0 = Release|Any CPU
		{3181A519-0BD1-4E4A-920F-F33CE7376A3A}.Debug|Any CPU.ActiveCfg = Debug|Any CPU
		{3181A519-0BD1-4E4A-920F-F33CE7376A3A}.Debug|Any CPU.Build.0 = Debug|Any CPU
		{3181A519-0BD1-4E4A-920F-F33CE7376A3A}.Debug|ARM.ActiveCfg = Debug|Any CPU
		{3181A519-0BD1-4E4A-920F-F33CE7376A3A}.Debug|ARM.Build.0 = Debug|Any CPU
		{3181A519-0BD1-4E4A-920F-F33CE7376A3A}.Debug|ARM64.ActiveCfg = Debug|Any CPU
		{3181A519-0BD1-4E4A-920F-F33CE7376A3A}.Debug|ARM64.Build.0 = Debug|Any CPU
		{3181A519-0BD1-4E4A-920F-F33CE7376A3A}.Debug|x64.ActiveCfg = Debug|Any CPU
		{3181A519-0BD1-4E4A-920F-F33CE7376A3A}.Debug|x64.Build.0 = Debug|Any CPU
		{3181A519-0BD1-4E4A-920F-F33CE7376A3A}.Debug|x86.ActiveCfg = Debug|Any CPU
		{3181A519-0BD1-4E4A-920F-F33CE7376A3A}.Debug|x86.Build.0 = Debug|Any CPU
		{3181A519-0BD1-4E4A-920F-F33CE7376A3A}.Release|Any CPU.ActiveCfg = Release|Any CPU
		{3181A519-0BD1-4E4A-920F-F33CE7376A3A}.Release|Any CPU.Build.0 = Release|Any CPU
		{3181A519-0BD1-4E4A-920F-F33CE7376A3A}.Release|ARM.ActiveCfg = Release|Any CPU
		{3181A519-0BD1-4E4A-920F-F33CE7376A3A}.Release|ARM.Build.0 = Release|Any CPU
		{3181A519-0BD1-4E4A-920F-F33CE7376A3A}.Release|ARM64.ActiveCfg = Release|Any CPU
		{3181A519-0BD1-4E4A-920F-F33CE7376A3A}.Release|ARM64.Build.0 = Release|Any CPU
		{3181A519-0BD1-4E4A-920F-F33CE7376A3A}.Release|x64.ActiveCfg = Release|Any CPU
		{3181A519-0BD1-4E4A-920F-F33CE7376A3A}.Release|x64.Build.0 = Release|Any CPU
		{3181A519-0BD1-4E4A-920F-F33CE7376A3A}.Release|x86.ActiveCfg = Release|Any CPU
		{3181A519-0BD1-4E4A-920F-F33CE7376A3A}.Release|x86.Build.0 = Release|Any CPU
		{23F209E2-3716-4327-A726-222A2689FABD}.Debug|Any CPU.ActiveCfg = Debug|Any CPU
		{23F209E2-3716-4327-A726-222A2689FABD}.Debug|Any CPU.Build.0 = Debug|Any CPU
		{23F209E2-3716-4327-A726-222A2689FABD}.Debug|ARM.ActiveCfg = Debug|Any CPU
		{23F209E2-3716-4327-A726-222A2689FABD}.Debug|ARM.Build.0 = Debug|Any CPU
		{23F209E2-3716-4327-A726-222A2689FABD}.Debug|ARM64.ActiveCfg = Debug|Any CPU
		{23F209E2-3716-4327-A726-222A2689FABD}.Debug|ARM64.Build.0 = Debug|Any CPU
		{23F209E2-3716-4327-A726-222A2689FABD}.Debug|x64.ActiveCfg = Debug|Any CPU
		{23F209E2-3716-4327-A726-222A2689FABD}.Debug|x64.Build.0 = Debug|Any CPU
		{23F209E2-3716-4327-A726-222A2689FABD}.Debug|x86.ActiveCfg = Debug|Any CPU
		{23F209E2-3716-4327-A726-222A2689FABD}.Debug|x86.Build.0 = Debug|Any CPU
		{23F209E2-3716-4327-A726-222A2689FABD}.Release|Any CPU.ActiveCfg = Release|Any CPU
		{23F209E2-3716-4327-A726-222A2689FABD}.Release|Any CPU.Build.0 = Release|Any CPU
		{23F209E2-3716-4327-A726-222A2689FABD}.Release|ARM.ActiveCfg = Release|Any CPU
		{23F209E2-3716-4327-A726-222A2689FABD}.Release|ARM.Build.0 = Release|Any CPU
		{23F209E2-3716-4327-A726-222A2689FABD}.Release|ARM64.ActiveCfg = Release|Any CPU
		{23F209E2-3716-4327-A726-222A2689FABD}.Release|ARM64.Build.0 = Release|Any CPU
		{23F209E2-3716-4327-A726-222A2689FABD}.Release|x64.ActiveCfg = Release|Any CPU
		{23F209E2-3716-4327-A726-222A2689FABD}.Release|x64.Build.0 = Release|Any CPU
		{23F209E2-3716-4327-A726-222A2689FABD}.Release|x86.ActiveCfg = Release|Any CPU
		{23F209E2-3716-4327-A726-222A2689FABD}.Release|x86.Build.0 = Release|Any CPU
		{30C4595C-5555-495C-8F21-27F0F69F3DD1}.Debug|Any CPU.ActiveCfg = Debug|Any CPU
		{30C4595C-5555-495C-8F21-27F0F69F3DD1}.Debug|Any CPU.Build.0 = Debug|Any CPU
		{30C4595C-5555-495C-8F21-27F0F69F3DD1}.Debug|ARM.ActiveCfg = Debug|Any CPU
		{30C4595C-5555-495C-8F21-27F0F69F3DD1}.Debug|ARM.Build.0 = Debug|Any CPU
		{30C4595C-5555-495C-8F21-27F0F69F3DD1}.Debug|ARM64.ActiveCfg = Debug|Any CPU
		{30C4595C-5555-495C-8F21-27F0F69F3DD1}.Debug|ARM64.Build.0 = Debug|Any CPU
		{30C4595C-5555-495C-8F21-27F0F69F3DD1}.Debug|x64.ActiveCfg = Debug|Any CPU
		{30C4595C-5555-495C-8F21-27F0F69F3DD1}.Debug|x64.Build.0 = Debug|Any CPU
		{30C4595C-5555-495C-8F21-27F0F69F3DD1}.Debug|x86.ActiveCfg = Debug|Any CPU
		{30C4595C-5555-495C-8F21-27F0F69F3DD1}.Debug|x86.Build.0 = Debug|Any CPU
		{30C4595C-5555-495C-8F21-27F0F69F3DD1}.Release|Any CPU.ActiveCfg = Release|Any CPU
		{30C4595C-5555-495C-8F21-27F0F69F3DD1}.Release|Any CPU.Build.0 = Release|Any CPU
		{30C4595C-5555-495C-8F21-27F0F69F3DD1}.Release|ARM.ActiveCfg = Release|Any CPU
		{30C4595C-5555-495C-8F21-27F0F69F3DD1}.Release|ARM.Build.0 = Release|Any CPU
		{30C4595C-5555-495C-8F21-27F0F69F3DD1}.Release|ARM64.ActiveCfg = Release|Any CPU
		{30C4595C-5555-495C-8F21-27F0F69F3DD1}.Release|ARM64.Build.0 = Release|Any CPU
		{30C4595C-5555-495C-8F21-27F0F69F3DD1}.Release|x64.ActiveCfg = Release|Any CPU
		{30C4595C-5555-495C-8F21-27F0F69F3DD1}.Release|x64.Build.0 = Release|Any CPU
		{30C4595C-5555-495C-8F21-27F0F69F3DD1}.Release|x86.ActiveCfg = Release|Any CPU
		{30C4595C-5555-495C-8F21-27F0F69F3DD1}.Release|x86.Build.0 = Release|Any CPU
	EndGlobalSection
	GlobalSection(SolutionProperties) = preSolution
		HideSolutionNode = FALSE
	EndGlobalSection
	GlobalSection(ExtensibilityGlobals) = postSolution
		SolutionGuid = {4ED77554-366C-4994-AC1B-8D96DE3DBA9C}
	EndGlobalSection
EndGlobal
